
Microsoft Visual Studio Solution File, Format Version 11.00
# Visual C++ Express 2010
Project("{8BC9CEB8-8B4A-11D0-8D11-00A0C91BC942}") = "puzzlen", "puzzlen\puzzlen.vcxproj", "{11543722-43A7-48AB-8AC3-D8B9B3569ECE}"
EndProject
Global
	GlobalSection(SolutionConfigurationPlatforms) = preSolution
		Debug|Win32 = Debug|Win32
		Release|Win32 = Release|Win32
	EndGlobalSection
	GlobalSection(ProjectConfigurationPlatforms) = postSolution
		{11543722-43A7-48AB-8AC3-D8B9B3569ECE}.Debug|Win32.ActiveCfg = Debug|Win32
		{11543722-43A7-48AB-8AC3-D8B9B3569ECE}.Debug|Win32.Build.0 = Debug|Win32
		{11543722-43A7-48AB-8AC3-D8B9B3569ECE}.Release|Win32.ActiveCfg = Release|Win32
		{11543722-43A7-48AB-8AC3-D8B9B3569ECE}.Release|Win32.Build.0 = Release|Win32
	EndGlobalSection
	GlobalSection(SolutionProperties) = preSolution
		HideSolutionNode = FALSE
	EndGlobalSection
EndGlobal
